schema: '2.0'
stages:
  download:
    cmd: uv run src/training/download_data.py
    deps:
    - path: conf/config.yaml
      hash: md5
      md5: 1e1fef0f07077dae356cb6eef742a32d
      size: 1670
    - path: src/training/download_data.py
      hash: md5
      md5: 3dba3271c36ce53f779e041b1b4f4d46
      size: 1495
    outs:
    - path: data/raw/
      hash: md5
      md5: be145c3854454ad97fd16454f9aed966.dir
      size: 2684261617
      nfiles: 10
  process:
    cmd: uv run src/training/process_data.py
    deps:
    - path: conf/config.yaml
      hash: md5
      md5: 1e1fef0f07077dae356cb6eef742a32d
      size: 1670
    - path: data/raw/
      hash: md5
      md5: be145c3854454ad97fd16454f9aed966.dir
      size: 2684261617
      nfiles: 10
    - path: src/training/process_data.py
      hash: md5
      md5: bcaba57069bf387ec0f666d3745dce69
      size: 6355
    outs:
    - path: data/processed/bureau_features.csv
      hash: md5
      md5: 61b26d2d7c6c633df957737da9cca87e
      size: 31419949
    - path: data/processed/installments_features.csv
      hash: md5
      md5: ae5890df473f989bdf7cbe91db23c00b
      size: 35014588
    - path: data/processed/prev_features.csv
      hash: md5
      md5: 8ad6446866887d1dcb84e7e0266b8077
      size: 39295421
    - path: data/processed/test.csv
      hash: md5
      md5: 6ddc089e65590555f7397e69b954138b
      size: 52621984
    - path: data/processed/train.csv
      hash: md5
      md5: 5f165d6fc6919bfb567ba8bf5f5a94b6
      size: 323162648
  train:
    cmd: uv run src/training/train.py
    deps:
    - path: conf/config.yaml
      hash: md5
      md5: 1e1fef0f07077dae356cb6eef742a32d
      size: 1670
    - path: data/processed/test.csv
      hash: md5
      md5: 6ddc089e65590555f7397e69b954138b
      size: 52621984
    - path: data/processed/train.csv
      hash: md5
      md5: 5f165d6fc6919bfb567ba8bf5f5a94b6
      size: 323162648
    - path: src/training/train.py
      hash: md5
      md5: e59ffa5a2cc9c78ac246415f1038145b
      size: 19700
    outs:
    - path: models/final_models_pipelines/cbm_metrics.json
      hash: md5
      md5: 9c005f7c340974cd8114e29603450379
      size: 437
    - path: models/final_models_pipelines/cbm_model_pipeline.pkl
      hash: md5
      md5: d149a4c12c272ddee6baf02b2bbbf1e1
      size: 1368112
    - path: models/final_models_pipelines/cbm_oof.npy
      hash: md5
      md5: 09a923ed77337964b9b3d3696699d229
      size: 2460216
    - path: models/final_models_pipelines/xgb_metrics.json
      hash: md5
      md5: b751f551025a4bbd9343a2166219f577
      size: 394
    - path: models/final_models_pipelines/xgb_model_pipeline.pkl
      hash: md5
      md5: be2cf96bfed3d4527e658052c23daa46
      size: 3049866
    - path: models/final_models_pipelines/xgb_oof.npy
      hash: md5
      md5: 1b7fc75105b5707d3a5e80ca6624eca8
      size: 2460216
    - path: models/final_models_pipelines/y_train.npy
      hash: md5
      md5: f98f7225df433c36fa16a4632528c73f
      size: 2460216
  evaluate:
    cmd: uv run src/training/evaluate.py
    deps:
    - path: data/processed/train.csv
      hash: md5
      md5: 5f165d6fc6919bfb567ba8bf5f5a94b6
      size: 323162648
    - path: models/final_models_pipelines/cbm_model_pipeline.pkl
      hash: md5
      md5: d149a4c12c272ddee6baf02b2bbbf1e1
      size: 1368112
    - path: models/final_models_pipelines/cbm_oof.npy
      hash: md5
      md5: 09a923ed77337964b9b3d3696699d229
      size: 2460216
    - path: models/final_models_pipelines/xgb_model_pipeline.pkl
      hash: md5
      md5: be2cf96bfed3d4527e658052c23daa46
      size: 3049866
    - path: models/final_models_pipelines/xgb_oof.npy
      hash: md5
      md5: 1b7fc75105b5707d3a5e80ca6624eca8
      size: 2460216
    - path: models/final_models_pipelines/y_train.npy
      hash: md5
      md5: f98f7225df433c36fa16a4632528c73f
      size: 2460216
    - path: src/training/evaluate.py
      hash: md5
      md5: 000d28c5e2eb21d8c1c048f9f87d7f6e
      size: 4731
    outs:
    - path: reports/confusion_matrix.png
      hash: md5
      md5: ed6d89a538b4d20fe795a66cf77b0849
      size: 28851
    - path: reports/feature_importance.png
      hash: md5
      md5: 6e17d285e42f1af4803dfa435f5305f4
      size: 41319
    - path: reports/final_summary.json
      hash: md5
      md5: 96fdf861e5aa839872df95439f5d5dd4
      size: 947
  inference:
    cmd: uv run src/training/inference.py
    deps:
    - path: conf/config.yaml
      hash: md5
      md5: 1e1fef0f07077dae356cb6eef742a32d
      size: 1670
    - path: data/processed/test.csv
      hash: md5
      md5: 6ddc089e65590555f7397e69b954138b
      size: 52621984
    - path: src/training/inference.py
      hash: md5
      md5: 59a2d9077873c5ed4aca90aec604fb31
      size: 1491
    outs:
    - path: submissions/submission.csv
      hash: md5
      md5: a3e8c304092b5a41cd57f4f884a9626e
      size: 1337074
