schema: '2.0'
stages:
  download:
    cmd: uv run src/training/download_data.py
    deps:
    - path: conf/config.yaml
      hash: md5
      md5: d0bd1c2921fd8190cf9518eaf71b00d3
      size: 1548
    - path: src/training/download_data.py
      hash: md5
      md5: 9b3dfaf2b398b12890c014f5077bc3cb
      size: 1489
    outs:
    - path: data/raw/
      hash: md5
      md5: be145c3854454ad97fd16454f9aed966.dir
      size: 2684261617
      nfiles: 10
  process:
    cmd: uv run src/training/process_data.py
    deps:
    - path: conf/config.yaml
      hash: md5
      md5: d0bd1c2921fd8190cf9518eaf71b00d3
      size: 1548
    - path: data/raw/
      hash: md5
      md5: be145c3854454ad97fd16454f9aed966.dir
      size: 2684261617
      nfiles: 10
    - path: src/training/process_data.py
      hash: md5
      md5: 117573642579dbc024ddc5ba49bfd6d9
      size: 6262
    outs:
    - path: data/processed/test.csv
      hash: md5
      md5: f5f8af6e3c6fb910c7c5462bb2b9430c
      size: 52280765
    - path: data/processed/train.csv
      hash: md5
      md5: 5f165d6fc6919bfb567ba8bf5f5a94b6
      size: 323162648
  train:
    cmd: uv run src/training/train.py
    deps:
    - path: conf/config.yaml
      hash: md5
      md5: d0bd1c2921fd8190cf9518eaf71b00d3
      size: 1548
    - path: data/processed/test.csv
      hash: md5
      md5: f5f8af6e3c6fb910c7c5462bb2b9430c
      size: 52280765
    - path: data/processed/train.csv
      hash: md5
      md5: 5f165d6fc6919bfb567ba8bf5f5a94b6
      size: 323162648
    - path: src/training/train.py
      hash: md5
      md5: a416d4bb07da2f44c3c0d572da7762a9
      size: 15490
    outs:
    - path: models/final_models_pipelines/cbm_metrics.json
      hash: md5
      md5: e561601cff31a582e1e62374162f1d7e
      size: 437
    - path: models/final_models_pipelines/cbm_model_pipeline.pkl
      hash: md5
      md5: b6769a60d03cda0a021b2602ed38cc61
      size: 3097172
    - path: models/final_models_pipelines/cbm_oof.npy
      hash: md5
      md5: 8fb292b8994baddcb8cba0355d2d35b7
      size: 2460216
    - path: models/final_models_pipelines/xgb_metrics.json
      hash: md5
      md5: 72ff7ce0968586f2dc91ff214aca91ee
      size: 395
    - path: models/final_models_pipelines/xgb_model_pipeline.pkl
      hash: md5
      md5: 280ab54c5fa3008205a1f6f1fa54f43e
      size: 4603191
    - path: models/final_models_pipelines/xgb_oof.npy
      hash: md5
      md5: db6210aea2f699f114575679ecc74320
      size: 2460216
    - path: models/final_models_pipelines/y_train.npy
      hash: md5
      md5: f98f7225df433c36fa16a4632528c73f
      size: 2460216
  evaluate:
    cmd: uv run src/training/evaluate.py
    deps:
    - path: data/processed/train.csv
      hash: md5
      md5: 5f165d6fc6919bfb567ba8bf5f5a94b6
      size: 323162648
    - path: models/final_models_pipelines/cbm_model_pipeline.pkl
      hash: md5
      md5: b6769a60d03cda0a021b2602ed38cc61
      size: 3097172
    - path: models/final_models_pipelines/cbm_oof.npy
      hash: md5
      md5: 8fb292b8994baddcb8cba0355d2d35b7
      size: 2460216
    - path: models/final_models_pipelines/xgb_model_pipeline.pkl
      hash: md5
      md5: 280ab54c5fa3008205a1f6f1fa54f43e
      size: 4603191
    - path: models/final_models_pipelines/xgb_oof.npy
      hash: md5
      md5: db6210aea2f699f114575679ecc74320
      size: 2460216
    - path: models/final_models_pipelines/y_train.npy
      hash: md5
      md5: f98f7225df433c36fa16a4632528c73f
      size: 2460216
    - path: src/training/evaluate.py
      hash: md5
      md5: 96a8bd55c84f4840e24f3ad1a2ae66af
      size: 4357
    outs:
    - path: reports/confusion_matrix.png
      hash: md5
      md5: ec7cfdb49b17a7584125abee80a4c71e
      size: 30305
    - path: reports/feature_importance.png
      hash: md5
      md5: c45e94e232cd82c90e3a779a202ad834
      size: 41451
    - path: reports/final_summary.json
      hash: md5
      md5: 77d739fb74975411dae10c37b2b93a59
      size: 945
